
Microsoft Visual Studio Solution File, Format Version 12.00
# Visual Studio Version 17
VisualStudioVersion = 17.7.34003.232
MinimumVisualStudioVersion = 10.0.40219.1
Project("{FAE04EC0-301F-11D3-BF4B-00C04F79EFBC}") = "AstroMath", "AstroMath.csproj", "{F95FF928-1F90-4CBE-9DB0-A299559462E5}"
EndProject
Global
	GlobalSection(SolutionConfigurationPlatforms) = preSolution
		Debug|Any CPU = Debug|Any CPU
		Release|Any CPU = Release|Any CPU
	EndGlobalSection
	GlobalSection(ProjectConfigurationPlatforms) = postSolution
		{F95FF928-1F90-4CBE-9DB0-A299559462E5}.Debug|Any CPU.ActiveCfg = Debug|Any CPU
		{F95FF928-1F90-4CBE-9DB0-A299559462E5}.Debug|Any CPU.Build.0 = Debug|Any CPU
		{F95FF928-1F90-4CBE-9DB0-A299559462E5}.Release|Any CPU.ActiveCfg = Release|Any CPU
		{F95FF928-1F90-4CBE-9DB0-A299559462E5}.Release|Any CPU.Build.0 = Release|Any CPU
	EndGlobalSection
	GlobalSection(SolutionProperties) = preSolution
		HideSolutionNode = FALSE
	EndGlobalSection
	GlobalSection(ExtensibilityGlobals) = postSolution
		SolutionGuid = {DF7C3491-1EB6-43D4-BCA3-29B31505E121}
	EndGlobalSection
EndGlobal
