
Microsoft Visual Studio Solution File, Format Version 12.00
# Visual Studio Version 17
VisualStudioVersion = 17.7.34003.232
MinimumVisualStudioVersion = 10.0.40219.1
Project("{FAE04EC0-301F-11D3-BF4B-00C04F79EFBC}") = "AstroMath_DLL_Tester", "AstroMath_DLL_Tester.csproj", "{71569AD8-2522-4861-A604-D04D7E16E214}"
EndProject
Global
	GlobalSection(SolutionConfigurationPlatforms) = preSolution
		Debug|Any CPU = Debug|Any CPU
		Release|Any CPU = Release|Any CPU
	EndGlobalSection
	GlobalSection(ProjectConfigurationPlatforms) = postSolution
		{71569AD8-2522-4861-A604-D04D7E16E214}.Debug|Any CPU.ActiveCfg = Debug|Any CPU
		{71569AD8-2522-4861-A604-D04D7E16E214}.Debug|Any CPU.Build.0 = Debug|Any CPU
		{71569AD8-2522-4861-A604-D04D7E16E214}.Release|Any CPU.ActiveCfg = Release|Any CPU
		{71569AD8-2522-4861-A604-D04D7E16E214}.Release|Any CPU.Build.0 = Release|Any CPU
	EndGlobalSection
	GlobalSection(SolutionProperties) = preSolution
		HideSolutionNode = FALSE
	EndGlobalSection
	GlobalSection(ExtensibilityGlobals) = postSolution
		SolutionGuid = {BB49377A-F043-4360-AC04-A41DDFAA79CE}
	EndGlobalSection
EndGlobal
